
Microsoft Visual Studio Solution File, Format Version 12.00
# Visual Studio Version 16
VisualStudioVersion = 16.0.30907.101
MinimumVisualStudioVersion = 10.0.40219.1
Project("{FAE04EC0-301F-11D3-BF4B-00C04F79EFBC}") = "ReportesBasicosMunicipios", "ReportesBasicosMunicipios\ReportesBasicosMunicipios.csproj", "{800A61DB-DFB1-4704-B5CB-75A7340DB0D1}"
EndProject
Global
	GlobalSection(SolutionConfigurationPlatforms) = preSolution
		Debug|Any CPU = Debug|Any CPU
		Release|Any CPU = Release|Any CPU
	EndGlobalSection
	GlobalSection(ProjectConfigurationPlatforms) = postSolution
		{800A61DB-DFB1-4704-B5CB-75A7340DB0D1}.Debug|Any CPU.ActiveCfg = Debug|Any CPU
		{800A61DB-DFB1-4704-B5CB-75A7340DB0D1}.Debug|Any CPU.Build.0 = Debug|Any CPU
		{800A61DB-DFB1-4704-B5CB-75A7340DB0D1}.Release|Any CPU.ActiveCfg = Release|Any CPU
		{800A61DB-DFB1-4704-B5CB-75A7340DB0D1}.Release|Any CPU.Build.0 = Release|Any CPU
	EndGlobalSection
	GlobalSection(SolutionProperties) = preSolution
		HideSolutionNode = FALSE
	EndGlobalSection
	GlobalSection(ExtensibilityGlobals) = postSolution
		SolutionGuid = {702C95E5-AF02-4E79-83A7-FCFD95AD257E}
	EndGlobalSection
EndGlobal
